// !$*UTF8*$!
{
	archiveVersion = 1;
	classes = {
	};
	objectVersion = 39;
	objects = {
		06F27B30FFEEEFEF11CA0E56 = {
			buildSettings = {
				COPY_PHASE_STRIP = NO;
				DEBUGGING_SYMBOLS = YES;
				GCC_DYNAMIC_NO_PIC = NO;
				GCC_ENABLE_FIX_AND_CONTINUE = NO;
				GCC_GENERATE_DEBUGGING_SYMBOLS = YES;
				GCC_OPTIMIZATION_LEVEL = 0;
				OPTIMIZATION_CFLAGS = "-O0";
				ZERO_LINK = NO;
			};
			isa = PBXBuildStyle;
			name = Development;
		};
		06F27B31FFEEEFEF11CA0E56 = {
			buildSettings = {
				COPY_PHASE_STRIP = YES;
				DEAD_CODE_STRIPPING = YES;
				DEPLOYMENT_POSTPROCESSING = YES;
				GCC_DEBUGGING_SYMBOLS = full;
				GCC_DYNAMIC_NO_PIC = YES;
				GCC_ENABLE_FIX_AND_CONTINUE = NO;
				GCC_PRECOMPILE_PREFIX_HEADER = YES;
				ZERO_LINK = NO;
			};
			isa = PBXBuildStyle;
			name = Deployment;
		};
//060
//061
//062
//063
//064
//080
//081
//082
//083
//084
		089C1669FE841209C02AAC07 = {
			buildSettings = {
			};
			buildStyles = (
				06F27B30FFEEEFEF11CA0E56,
				06F27B31FFEEEFEF11CA0E56,
			);
			hasScannedForEncodings = 1;
			isa = PBXProject;
			mainGroup = 089C166AFE841209C02AAC07;
			projectDirPath = "";
			projectReferences = (
				{
					ProductGroup = 6C1D4F6E06FA0C0500A5D946;
					ProjectRef = 6C1D4F6D06FA0C0500A5D946;
				},
			);
			targets = (
				8D202CE80486D31800D8A456,
				CB61E5170637763C00E0DDC7,
				CB5F84DC0638BFDB00EADD7A,
			);
		};
		089C166AFE841209C02AAC07 = {
			children = (
				6C1D4F6D06FA0C0500A5D946,
				52861FEF06DC463E00D3A356,
				52861EE906DBA9B200D3A356,
				CB1C5D95063E523F007052EE,
				0AB856D806E2932C007B791C,
				32DBCFA20370C41700C91783,
				52861ED706DBA80800D3A356,
				34CEA3930680A77C00670E0D,
				A14BBE0806EE1C0400530EED,
				CB5F835E0638B67C00EADD7A,
				63C0610006C8948700B0B7D4,
				CB5F836E0638B69900EADD7A,
				CB5F84EB0638BFFF00EADD7A,
				089C1671FE841209C02AAC07,
				19C28FB8FE9D52D311CA2CBB,
			);
			isa = PBXGroup;
			name = Growl;
			refType = 4;
			sourceTree = "<group>";
		};
		089C1671FE841209C02AAC07 = {
			children = (
				1058C7ACFEA557BF11CA2CBB,
				1058C7AEFEA557BF11CA2CBB,
			);
			isa = PBXGroup;
			name = "Frameworks and Libraries";
			refType = 4;
			sourceTree = "<group>";
		};
		089C1672FE841209C02AAC07 = {
			isa = PBXFileReference;
			lastKnownFileType = wrapper.framework;
			name = Foundation.framework;
			path = /System/Library/Frameworks/Foundation.framework;
			refType = 0;
			sourceTree = "<absolute>";
		};
		089C167CFE841241C02AAC07 = {
			children = (
				959FAF510738BAD500040AA9,
				8D202CF70486D31800D8A456,
				089C167DFE841241C02AAC07,
				F506C040013D9D8001CA16C8,
				F506C042013D9D8C01CA16C8,
			);
			isa = PBXGroup;
			name = Resources;
			path = "";
			refType = 4;
			sourceTree = "<group>";
		};
		089C167DFE841241C02AAC07 = {
			children = (
				089C167EFE841241C02AAC07,
			);
			isa = PBXVariantGroup;
			name = InfoPlist.strings;
			refType = 4;
			sourceTree = "<group>";
		};
		089C167EFE841241C02AAC07 = {
			fileEncoding = 10;
			isa = PBXFileReference;
			lastKnownFileType = text.plist.strings;
			name = English;
			path = English.lproj/InfoPlist.strings;
			refType = 4;
			sourceTree = "<group>";
		};
		089C167FFE841241C02AAC07 = {
			isa = PBXFileReference;
			lastKnownFileType = wrapper.framework;
			name = AppKit.framework;
			path = /System/Library/Frameworks/AppKit.framework;
			refType = 0;
			sourceTree = "<absolute>";
		};
		08FB77AFFE84173DC02AAC07 = {
			children = (
				A16BD22606FCC05F00BF033B,
				A16BD22706FCC05F00BF033B,
				F506C03C013D9D7901CA16C8,
				F506C03D013D9D7901CA16C8,
			);
			isa = PBXGroup;
			name = Classes;
			path = "";
			refType = 4;
			sourceTree = "<group>";
		};
//080
//081
//082
//083
//084
//0A0
//0A1
//0A2
//0A3
//0A4
		0A04279607088E7D0058CBD0 = {
			fileType = wrapper.cfbundle;
			isa = PBXReferenceProxy;
			path = MusicVideo.growlView;
			refType = 3;
			remoteRef = 0A04279A07088E880058CBD0;
			sourceTree = BUILT_PRODUCTS_DIR;
		};
		0A04279A07088E880058CBD0 = {
			containerPortal = 6C1D4F6D06FA0C0500A5D946;
			isa = PBXContainerItemProxy;
			proxyType = 2;
			remoteGlobalIDString = 6C7CEAE50707F41D00441A92;
			remoteInfo = MusicVideo;
		};
		0A0428FF0708ACA10058CBD0 = {
			containerPortal = 6C1D4F6D06FA0C0500A5D946;
			isa = PBXContainerItemProxy;
			proxyType = 1;
			remoteGlobalIDString = 34C4486606F0FF5300855FBE;
			remoteInfo = Smoke;
		};
		0A0429000708ACA10058CBD0 = {
			isa = PBXTargetDependency;
			name = "Smoke (from Display Plugins.xcode)";
			targetProxy = 0A0428FF0708ACA10058CBD0;
		};
		0A04291D0708ACC20058CBD0 = {
			isa = PBXFileReference;
			lastKnownFileType = wrapper.cfbundle;
			name = Smoke.growlView;
			path = "Display Plugins/build/Smoke.growlView";
			refType = 4;
			sourceTree = "<group>";
		};
		0A0429530708ACC70058CBD0 = {
			fileRef = 0A04291D0708ACC20058CBD0;
			isa = PBXBuildFile;
			settings = {
			};
		};
		0A62933106EE7E5B00002780 = {
			isa = PBXFileReference;
			lastKnownFileType = wrapper.nib;
			name = English;
			path = English.lproj/BubblesPrefs.nib;
			refType = 4;
			sourceTree = "<group>";
		};
		0A62933306EE7E7B00002780 = {
			fileEncoding = 4;
			isa = PBXFileReference;
			lastKnownFileType = sourcecode.c.h;
			path = BubblePrefs.h;
			refType = 4;
			sourceTree = "<group>";
		};
		0A62933406EE7E7B00002780 = {
			fileEncoding = 4;
			isa = PBXFileReference;
			lastKnownFileType = sourcecode.c.objc;
			path = BubblePrefs.m;
			refType = 4;
			sourceTree = "<group>";
		};
		0A62933506EE7E7B00002780 = {
			fileRef = 0A62933306EE7E7B00002780;
			isa = PBXBuildFile;
			settings = {
			};
		};
		0A62933606EE7E7B00002780 = {
			fileRef = 0A62933406EE7E7B00002780;
			isa = PBXBuildFile;
			settings = {
			};
		};
		0AAFB91706D2A0E000BA1A13 = {
			fileRef = F506C040013D9D8001CA16C8;
			isa = PBXBuildFile;
			settings = {
			};
		};
		0AB856D806E2932C007B791C = {
			fileEncoding = 4;
			isa = PBXFileReference;
			lastKnownFileType = text;
			path = todo.txt;
			refType = 4;
			sourceTree = "<group>";
		};
		0AC3E87506F06E2300DA55DE = {
			fileRef = F506C035013D953901CA16C8;
			isa = PBXBuildFile;
			settings = {
			};
		};
		0AEE179C0702C4960024B1A0 = {
			isa = PBXFileReference;
			lastKnownFileType = wrapper.framework;
			name = ApplicationServices.framework;
			path = /System/Library/Frameworks/ApplicationServices.framework;
			refType = 0;
			sourceTree = "<absolute>";
		};
		0AEE179D0702C4960024B1A0 = {
			fileRef = 0AEE179C0702C4960024B1A0;
			isa = PBXBuildFile;
			settings = {
			};
		};
//0A0
//0A1
//0A2
//0A3
//0A4
//100
//101
//102
//103
//104
		1058C7ACFEA557BF11CA2CBB = {
			children = (
				1058C7ADFEA557BF11CA2CBB,
				F506C035013D953901CA16C8,
				0AEE179C0702C4960024B1A0,
			);
			isa = PBXGroup;
			name = "Linked Frameworks";
			refType = 4;
			sourceTree = "<group>";
		};
		1058C7ADFEA557BF11CA2CBB = {
			isa = PBXFileReference;
			lastKnownFileType = wrapper.framework;
			name = Cocoa.framework;
			path = /System/Library/Frameworks/Cocoa.framework;
			refType = 0;
			sourceTree = "<absolute>";
		};
		1058C7AEFEA557BF11CA2CBB = {
			children = (
				089C1672FE841209C02AAC07,
				089C167FFE841241C02AAC07,
			);
			isa = PBXGroup;
			name = "Other Frameworks";
			refType = 4;
			sourceTree = "<group>";
		};
//100
//101
//102
//103
//104
//190
//191
//192
//193
//194
		19C28FB8FE9D52D311CA2CBB = {
			children = (
				8D202CF80486D31800D8A456,
				CB61E5180637763C00E0DDC7,
				CB5F84DD0638BFDB00EADD7A,
				6C1D526806FA0CE000A5D946,
				6C4834B907395F1500F65193,
				6CCCECD307144ECB00C5B203,
				6C4834CE07395F1B00F65193,
				0A04291D0708ACC20058CBD0,
			);
			isa = PBXGroup;
			name = Products;
			refType = 4;
			sourceTree = "<group>";
		};
//190
//191
//192
//193
//194
//320
//321
//322
//323
//324
		32DBCFA20370C41700C91783 = {
			fileEncoding = 4;
			isa = PBXFileReference;
			lastKnownFileType = sourcecode.c.h;
			path = Growl_Prefix.pch;
			refType = 4;
			sourceTree = "<group>";
		};
//320
//321
//322
//323
//324
//340
//341
//342
//343
//344
		345A68EE06FF684E00114E06 = {
			fileType = wrapper.cfbundle;
			isa = PBXReferenceProxy;
			path = Smoke.growlView;
			refType = 3;
			remoteRef = 345A68FC06FF686200114E06;
			sourceTree = BUILT_PRODUCTS_DIR;
		};
		345A68FC06FF686200114E06 = {
			containerPortal = 6C1D4F6D06FA0C0500A5D946;
			isa = PBXContainerItemProxy;
			proxyType = 2;
			remoteGlobalIDString = 34C4486706F0FF5300855FBE;
			remoteInfo = Smoke;
		};
		34CEA3930680A77C00670E0D = {
			children = (
				CBF073C80659A94F000B4B77,
				34CEA39C0680A7BF00670E0D,
				34CEA39D0680A7BF00670E0D,
			);
			isa = PBXGroup;
			name = "Application Bridge";
			path = "";
			refType = 4;
			sourceTree = "<group>";
		};
		34CEA39C0680A7BF00670E0D = {
			fileEncoding = 4;
			isa = PBXFileReference;
			lastKnownFileType = sourcecode.c.h;
			path = GrowlApplicationBridge.h;
			refType = 4;
			sourceTree = "<group>";
		};
		34CEA39D0680A7BF00670E0D = {
			fileEncoding = 4;
			isa = PBXFileReference;
			lastKnownFileType = sourcecode.c.objc;
			path = GrowlApplicationBridge.m;
			refType = 4;
			sourceTree = "<group>";
		};
//340
//341
//342
//343
//344
//520
//521
//522
//523
//524
		525277AA06D95BEA007BC87D = {
			fileRef = CB1C5D1B063E432F007052EE;
			isa = PBXBuildFile;
			settings = {
			};
		};
		525277AB06D95BED007BC87D = {
			fileRef = CB1C5D1C063E432F007052EE;
			isa = PBXBuildFile;
			settings = {
			};
		};
		525277E606D9605A007BC87D = {
			fileRef = F57BFE2C0669037C00DE5BFD;
			isa = PBXBuildFile;
			settings = {
			};
		};
		525277E706D9605D007BC87D = {
			fileRef = F57BFE2D0669037C00DE5BFD;
			isa = PBXBuildFile;
			settings = {
			};
		};
		52861ED706DBA80800D3A356 = {
			children = (
				5286205506DC4C2F00D3A356,
				5286205606DC4C2F00D3A356,
				52861EE306DBA95400D3A356,
				52861EE406DBA95400D3A356,
				CB1C5D1B063E432F007052EE,
				CB1C5D1C063E432F007052EE,
			);
			isa = PBXGroup;
			name = Controllers;
			refType = 4;
			sourceTree = "<group>";
		};
		52861EE306DBA95400D3A356 = {
			fileEncoding = 4;
			isa = PBXFileReference;
			lastKnownFileType = sourcecode.c.h;
			path = GrowlPreferences.h;
			refType = 4;
			sourceTree = "<group>";
		};
		52861EE406DBA95400D3A356 = {
			fileEncoding = 4;
			isa = PBXFileReference;
			lastKnownFileType = sourcecode.c.objc;
			path = GrowlPreferences.m;
			refType = 4;
			sourceTree = "<group>";
		};
		52861EE506DBA95400D3A356 = {
			fileRef = 52861EE306DBA95400D3A356;
			isa = PBXBuildFile;
			settings = {
			};
		};
		52861EE606DBA95400D3A356 = {
			fileRef = 52861EE406DBA95400D3A356;
			isa = PBXBuildFile;
			settings = {
			};
		};
		52861EE906DBA9B200D3A356 = {
			fileEncoding = 30;
			isa = PBXFileReference;
			lastKnownFileType = text;
			path = Standards.txt;
			refType = 4;
			sourceTree = "<group>";
		};
		52861FC206DC421C00D3A356 = {
			fileRef = 52861EE306DBA95400D3A356;
			isa = PBXBuildFile;
			settings = {
			};
		};
		52861FC306DC422300D3A356 = {
			fileRef = 52861EE406DBA95400D3A356;
			isa = PBXBuildFile;
			settings = {
			};
		};
		52861FEF06DC463E00D3A356 = {
			fileEncoding = 30;
			isa = PBXFileReference;
			lastKnownFileType = text.xml;
			path = GrowlDefaults.plist;
			refType = 4;
			sourceTree = "<group>";
		};
		52861FF006DC463E00D3A356 = {
			fileRef = 52861FEF06DC463E00D3A356;
			isa = PBXBuildFile;
			settings = {
			};
		};
		5286205506DC4C2F00D3A356 = {
			fileEncoding = 4;
			isa = PBXFileReference;
			lastKnownFileType = sourcecode.c.h;
			path = GrowlPluginController.h;
			refType = 4;
			sourceTree = "<group>";
		};
		5286205606DC4C2F00D3A356 = {
			fileEncoding = 4;
			isa = PBXFileReference;
			lastKnownFileType = sourcecode.c.objc;
			path = GrowlPluginController.m;
			refType = 4;
			sourceTree = "<group>";
		};
		5286205706DC4C2F00D3A356 = {
			fileRef = 5286205506DC4C2F00D3A356;
			isa = PBXBuildFile;
			settings = {
			};
		};
		5286205806DC4C2F00D3A356 = {
			fileRef = 5286205606DC4C2F00D3A356;
			isa = PBXBuildFile;
			settings = {
			};
		};
		5286205906DC4C2F00D3A356 = {
			fileRef = 5286205506DC4C2F00D3A356;
			isa = PBXBuildFile;
			settings = {
			};
		};
		5286205A06DC4C2F00D3A356 = {
			fileRef = 5286205606DC4C2F00D3A356;
			isa = PBXBuildFile;
			settings = {
			};
		};
		52C620580677F68A004F80E6 = {
			fileEncoding = 4;
			isa = PBXFileReference;
			lastKnownFileType = sourcecode.c.h;
			path = KABubbleController.h;
			refType = 4;
			sourceTree = "<group>";
		};
		52C620590677F68A004F80E6 = {
			fileEncoding = 4;
			isa = PBXFileReference;
			lastKnownFileType = sourcecode.c.objc;
			path = KABubbleController.m;
			refType = 4;
			sourceTree = "<group>";
		};
		52C6205A0677F68A004F80E6 = {
			fileRef = 52C620580677F68A004F80E6;
			isa = PBXBuildFile;
			settings = {
			};
		};
		52C6205B0677F68A004F80E6 = {
			fileRef = 52C620590677F68A004F80E6;
			isa = PBXBuildFile;
			settings = {
			};
		};
//520
//521
//522
//523
//524
//630
//631
//632
//633
//634
		63C060F406C8946E00B0B7D4 = {
			buildActionMask = 2147483647;
			files = (
				63C92DDD06D05D22007368FA,
			);
			isa = PBXRezBuildPhase;
			runOnlyForDeploymentPostprocessing = 0;
		};
		63C0610006C8948700B0B7D4 = {
			children = (
				63C92DD206D05D22007368FA,
				63C92DD306D05D22007368FA,
				63C92DD406D05D22007368FA,
				63C92DD506D05D22007368FA,
				63C92DD606D05D22007368FA,
				63C92DD706D05D22007368FA,
			);
			isa = PBXGroup;
			name = AppleScript;
			path = "";
			refType = 4;
			sourceTree = "<group>";
		};
		63C92DD206D05D22007368FA = {
			fileEncoding = 30;
			isa = PBXFileReference;
			lastKnownFileType = text.xml;
			name = Growl.scriptSuite;
			path = Bindings/applescript/Growl.scriptSuite;
			refType = 4;
			sourceTree = "<group>";
		};
		63C92DD306D05D22007368FA = {
			fileEncoding = 30;
			isa = PBXFileReference;
			lastKnownFileType = text.xml;
			name = Growl.scriptTerminology;
			path = Bindings/applescript/Growl.scriptTerminology;
			refType = 4;
			sourceTree = "<group>";
		};
		63C92DD406D05D22007368FA = {
			fileEncoding = 30;
			isa = PBXFileReference;
			lastKnownFileType = text.xml;
			name = Growl.sdef;
			path = Bindings/applescript/Growl.sdef;
			refType = 4;
			sourceTree = "<group>";
		};
		63C92DD506D05D22007368FA = {
			fileEncoding = 30;
			isa = PBXFileReference;
			lastKnownFileType = sourcecode.c.h;
			name = GrowlScriptCommand.h;
			path = Bindings/applescript/GrowlScriptCommand.h;
			refType = 4;
			sourceTree = "<group>";
		};
		63C92DD606D05D22007368FA = {
			fileEncoding = 30;
			isa = PBXFileReference;
			lastKnownFileType = sourcecode.c.objc;
			name = GrowlScriptCommand.m;
			path = Bindings/applescript/GrowlScriptCommand.m;
			refType = 4;
			sourceTree = "<group>";
		};
		63C92DD706D05D22007368FA = {
			fileEncoding = 30;
			isa = PBXFileReference;
			lastKnownFileType = sourcecode.rez;
			name = GrowlScripting.r;
			path = Bindings/applescript/GrowlScripting.r;
			refType = 4;
			sourceTree = "<group>";
		};
		63C92DD806D05D22007368FA = {
			fileRef = 63C92DD206D05D22007368FA;
			isa = PBXBuildFile;
			settings = {
			};
		};
		63C92DD906D05D22007368FA = {
			fileRef = 63C92DD306D05D22007368FA;
			isa = PBXBuildFile;
			settings = {
			};
		};
		63C92DDA06D05D22007368FA = {
			fileRef = 63C92DD406D05D22007368FA;
			isa = PBXBuildFile;
			settings = {
			};
		};
		63C92DDB06D05D22007368FA = {
			fileRef = 63C92DD506D05D22007368FA;
			isa = PBXBuildFile;
			settings = {
			};
		};
		63C92DDC06D05D22007368FA = {
			fileRef = 63C92DD606D05D22007368FA;
			isa = PBXBuildFile;
			settings = {
			};
		};
		63C92DDD06D05D22007368FA = {
			fileRef = 63C92DD706D05D22007368FA;
			isa = PBXBuildFile;
			settings = {
			};
		};
//630
//631
//632
//633
//634
//6C0
//6C1
//6C2
//6C3
//6C4
		6C1D4F6D06FA0C0500A5D946 = {
			isa = PBXFileReference;
			lastKnownFileType = "wrapper.pb-project";
			name = "Display Plugins.xcode";
			path = "Display Plugins/Display Plugins.xcode";
			refType = 4;
			sourceTree = "<group>";
		};
		6C1D4F6E06FA0C0500A5D946 = {
			children = (
				A1DECDD106FF5C010053BF53,
				A1DECDD206FF5C010053BF53,
				345A68EE06FF684E00114E06,
				A14892520702746D002CEEA2,
				0A04279607088E7D0058CBD0,
			);
			isa = PBXGroup;
			name = Products;
			refType = 4;
			sourceTree = "<group>";
		};
		6C1D4F7006FA0C7E00A5D946 = {
			containerPortal = 6C1D4F6D06FA0C0500A5D946;
			isa = PBXContainerItemProxy;
			proxyType = 1;
			remoteGlobalIDString = 6C60D7BB06F044110025909F;
			remoteInfo = Bezel;
		};
		6C1D4F7106FA0C7E00A5D946 = {
			isa = PBXTargetDependency;
			name = "Bezel (from Display Plugins.xcode)";
			targetProxy = 6C1D4F7006FA0C7E00A5D946;
		};
		6C1D526806FA0CE000A5D946 = {
			isa = PBXFileReference;
			lastKnownFileType = wrapper.cfbundle;
			name = Bezel.growlView;
			path = "Display Plugins/build/Bezel.growlView";
			refType = 4;
			sourceTree = "<group>";
		};
		6C1D527C06FA0CEB00A5D946 = {
			fileRef = 6C1D526806FA0CE000A5D946;
			isa = PBXBuildFile;
			settings = {
			};
		};
		6C4834B907395F1500F65193 = {
			isa = PBXFileReference;
			lastKnownFileType = wrapper.cfbundle;
			name = MailMe.growlView;
			path = "Display Plugins/build/MailMe.growlView";
			refType = 4;
			sourceTree = "<group>";
		};
		6C4834BA07395F1500F65193 = {
			fileRef = 6C4834B907395F1500F65193;
			isa = PBXBuildFile;
			settings = {
			};
		};
		6C4834CE07395F1B00F65193 = {
			isa = PBXFileReference;
			lastKnownFileType = wrapper.cfbundle;
			name = NSLogging.growlView;
			path = "Display Plugins/build/NSLogging.growlView";
			refType = 4;
			sourceTree = "<group>";
		};
		6C4834CF07395F1B00F65193 = {
			fileRef = 6C4834CE07395F1B00F65193;
			isa = PBXBuildFile;
			settings = {
			};
		};
		6C4834DB07395F3100F65193 = {
			containerPortal = 6C1D4F6D06FA0C0500A5D946;
			isa = PBXContainerItemProxy;
			proxyType = 1;
			remoteGlobalIDString = 5282FC6706DD9F2D00179624;
			remoteInfo = NSLogging;
		};
		6C4834DC07395F3100F65193 = {
			isa = PBXTargetDependency;
			name = "NSLogging (from Display Plugins.xcode)";
			targetProxy = 6C4834DB07395F3100F65193;
		};
		6C4834DD07395F3400F65193 = {
			containerPortal = 6C1D4F6D06FA0C0500A5D946;
			isa = PBXContainerItemProxy;
			proxyType = 1;
			remoteGlobalIDString = 07CC344606FFE5FC0029B83C;
			remoteInfo = MailMe;
		};
		6C4834DE07395F3400F65193 = {
			isa = PBXTargetDependency;
			name = "MailMe (from Display Plugins.xcode)";
			targetProxy = 6C4834DD07395F3400F65193;
		};
		6C566EFB0716F1D300E139BD = {
			containerPortal = 6C1D4F6D06FA0C0500A5D946;
			isa = PBXContainerItemProxy;
			proxyType = 1;
			remoteGlobalIDString = 6C7CEAE40707F41D00441A92;
			remoteInfo = MusicVideo;
		};
		6C566EFC0716F1D300E139BD = {
			isa = PBXTargetDependency;
			name = "MusicVideo (from Display Plugins.xcode)";
			targetProxy = 6C566EFB0716F1D300E139BD;
		};
		6CCCECD307144ECB00C5B203 = {
			isa = PBXFileReference;
			lastKnownFileType = wrapper.cfbundle;
			name = MusicVideo.growlView;
			path = "Display Plugins/build/MusicVideo.growlView";
			refType = 4;
			sourceTree = "<group>";
		};
		6CCCED0907144EF000C5B203 = {
			fileRef = 6CCCECD307144ECB00C5B203;
			isa = PBXBuildFile;
			settings = {
			};
		};
//6C0
//6C1
//6C2
//6C3
//6C4
//8D0
//8D1
//8D2
//8D3
//8D4
		8D202CE80486D31800D8A456 = {
			buildPhases = (
				8D202CE90486D31800D8A456,
				8D202CEC0486D31800D8A456,
				8D202CF00486D31800D8A456,
				8D202CF20486D31800D8A456,
				8D202CF50486D31800D8A456,
				CB5F92070638C89800EADD7A,
			);
			buildRules = (
			);
			buildSettings = {
				FRAMEWORK_SEARCH_PATHS = "";
				GCC_ENABLE_TRIGRAPHS = NO;
				GCC_GENERATE_DEBUGGING_SYMBOLS = NO;
				GCC_PRECOMPILE_PREFIX_HEADER = YES;
				GCC_PREFIX_HEADER = Growl_Prefix.pch;
				GCC_WARN_ABOUT_MISSING_PROTOTYPES = NO;
				GCC_WARN_FOUR_CHARACTER_CONSTANTS = NO;
				GCC_WARN_UNKNOWN_PRAGMAS = NO;
				HEADER_SEARCH_PATHS = "";
				INFOPLIST_FILE = Info.plist;
				INSTALL_PATH = "$(HOME)/Library/PreferencePanes";
				LIBRARY_SEARCH_PATHS = "";
				LIBRARY_STYLE = Bundle;
				OTHER_CFLAGS = "";
				OTHER_LDFLAGS = "-bundle -twolevel_namespace";
				OTHER_REZFLAGS = "";
				PRODUCT_NAME = Growl;
				SECTORDER_FLAGS = "";
				WARNING_CFLAGS = "-Wmost -Wno-four-char-constants -Wno-unknown-pragmas";
				WRAPPER_EXTENSION = prefPane;
			};
			dependencies = (
				CB5FA1C10638CA3400EADD7A,
			);
			isa = PBXNativeTarget;
			name = Growl;
			productInstallPath = "$(HOME)/Library/PreferencePanes";
			productName = Growl;
			productReference = 8D202CF80486D31800D8A456;
			productType = "com.apple.product-type.bundle";
		};
		8D202CE90486D31800D8A456 = {
			buildActionMask = 2147483647;
			files = (
				52861EE506DBA95400D3A356,
				525277E606D9605A007BC87D,
				525277AA06D95BEA007BC87D,
				8D202CEA0486D31800D8A456,
				8D202CEB0486D31800D8A456,
				CBF073CC0659A94F000B4B77,
				5286205906DC4C2F00D3A356,
				A14BBE1006EE1D5600530EED,
				A16BD22806FCC05F00BF033B,
			);
			isa = PBXHeadersBuildPhase;
			runOnlyForDeploymentPostprocessing = 0;
		};
		8D202CEA0486D31800D8A456 = {
			fileRef = 32DBCFA20370C41700C91783;
			isa = PBXBuildFile;
			settings = {
			};
		};
		8D202CEB0486D31800D8A456 = {
			fileRef = F506C03C013D9D7901CA16C8;
			isa = PBXBuildFile;
			settings = {
			};
		};
		8D202CEC0486D31800D8A456 = {
			buildActionMask = 2147483647;
			files = (
				0AAFB91706D2A0E000BA1A13,
				8D202CED0486D31800D8A456,
				8D202CEF0486D31800D8A456,
				CB5FA1BD0638CA2C00EADD7A,
				959FAF520738BAD500040AA9,
			);
			isa = PBXResourcesBuildPhase;
			runOnlyForDeploymentPostprocessing = 0;
		};
		8D202CED0486D31800D8A456 = {
			fileRef = 089C167DFE841241C02AAC07;
			isa = PBXBuildFile;
			settings = {
			};
		};
		8D202CEF0486D31800D8A456 = {
			fileRef = F506C042013D9D8C01CA16C8;
			isa = PBXBuildFile;
			settings = {
			};
		};
		8D202CF00486D31800D8A456 = {
			buildActionMask = 2147483647;
			files = (
				52861EE606DBA95400D3A356,
				525277E706D9605D007BC87D,
				525277AB06D95BED007BC87D,
				8D202CF10486D31800D8A456,
				5286205A06DC4C2F00D3A356,
				A16BD22906FCC05F00BF033B,
			);
			isa = PBXSourcesBuildPhase;
			runOnlyForDeploymentPostprocessing = 0;
		};
		8D202CF10486D31800D8A456 = {
			fileRef = F506C03D013D9D7901CA16C8;
			isa = PBXBuildFile;
			settings = {
			};
		};
		8D202CF20486D31800D8A456 = {
			buildActionMask = 2147483647;
			files = (
				8D202CF30486D31800D8A456,
				8D202CF40486D31800D8A456,
				0AEE179D0702C4960024B1A0,
			);
			isa = PBXFrameworksBuildPhase;
			runOnlyForDeploymentPostprocessing = 0;
		};
		8D202CF30486D31800D8A456 = {
			fileRef = 1058C7ADFEA557BF11CA2CBB;
			isa = PBXBuildFile;
			settings = {
			};
		};
		8D202CF40486D31800D8A456 = {
			fileRef = F506C035013D953901CA16C8;
			isa = PBXBuildFile;
			settings = {
			};
		};
		8D202CF50486D31800D8A456 = {
			buildActionMask = 2147483647;
			files = (
			);
			isa = PBXRezBuildPhase;
			runOnlyForDeploymentPostprocessing = 0;
		};
		8D202CF70486D31800D8A456 = {
			fileEncoding = 4;
			isa = PBXFileReference;
			lastKnownFileType = text.plist;
			path = Info.plist;
			refType = 4;
			sourceTree = "<group>";
		};
		8D202CF80486D31800D8A456 = {
			explicitFileType = wrapper.cfbundle;
			includeInIndex = 0;
			isa = PBXFileReference;
			path = Growl.prefPane;
			refType = 3;
			sourceTree = BUILT_PRODUCTS_DIR;
		};
//8D0
//8D1
//8D2
//8D3
//8D4
//950
//951
//952
//953
//954
		950B97680737C44B00F76F16 = {
			isa = PBXFileReference;
			lastKnownFileType = wrapper.nib;
			name = German;
			path = German.lproj/GrowlPref.nib;
			refType = 4;
			sourceTree = "<group>";
		};
		9522BDDB0738E024008C6B65 = {
			children = (
				0A62933106EE7E5B00002780,
				9522BDDD0738E029008C6B65,
			);
			isa = PBXVariantGroup;
			name = BubblesPrefs.nib;
			refType = 4;
			sourceTree = "<group>";
		};
		9522BDDC0738E024008C6B65 = {
			fileRef = 9522BDDB0738E024008C6B65;
			isa = PBXBuildFile;
			settings = {
			};
		};
		9522BDDD0738E029008C6B65 = {
			isa = PBXFileReference;
			lastKnownFileType = wrapper.nib;
			name = German;
			path = German.lproj/BubblesPrefs.nib;
			refType = 4;
			sourceTree = "<group>";
		};
		959FAF470738B9A000040AA9 = {
			fileEncoding = 4;
			isa = PBXFileReference;
			lastKnownFileType = text.plist.strings;
			name = English;
			path = English.lproj/Localizable.strings;
			refType = 4;
			sourceTree = "<group>";
		};
		959FAF510738BAD500040AA9 = {
			children = (
				959FAF470738B9A000040AA9,
				959FAF530738BADB00040AA9,
			);
			isa = PBXVariantGroup;
			name = Localizable.strings;
			refType = 4;
			sourceTree = "<group>";
		};
		959FAF520738BAD500040AA9 = {
			fileRef = 959FAF510738BAD500040AA9;
			isa = PBXBuildFile;
			settings = {
			};
		};
		959FAF530738BADB00040AA9 = {
			fileEncoding = 4;
			isa = PBXFileReference;
			lastKnownFileType = text.plist.strings;
			name = German;
			path = German.lproj/Localizable.strings;
			refType = 4;
			sourceTree = "<group>";
		};
//950
//951
//952
//953
//954
//9E0
//9E1
//9E2
//9E3
//9E4
		9E51EBA50662FCE400FF1462 = {
			fileRef = 1058C7ADFEA557BF11CA2CBB;
			isa = PBXBuildFile;
			settings = {
			};
		};
		9E51EBA90662FCF700FF1462 = {
			fileRef = 1058C7ADFEA557BF11CA2CBB;
			isa = PBXBuildFile;
			settings = {
			};
		};
//9E0
//9E1
//9E2
//9E3
//9E4
//A10
//A11
//A12
//A13
//A14
		A14892520702746D002CEEA2 = {
			fileType = wrapper.cfbundle;
			isa = PBXReferenceProxy;
			path = MailMe.growlView;
			refType = 3;
			remoteRef = A148926507027470002CEEA2;
			sourceTree = BUILT_PRODUCTS_DIR;
		};
		A148926507027470002CEEA2 = {
			containerPortal = 6C1D4F6D06FA0C0500A5D946;
			isa = PBXContainerItemProxy;
			proxyType = 2;
			remoteGlobalIDString = 07CC345806FFE5FC0029B83C;
			remoteInfo = MailMe;
		};
		A14BBE0806EE1C0400530EED = {
			children = (
				A14BBE0E06EE1D5600530EED,
			);
			isa = PBXGroup;
			name = "Display Protocol";
			refType = 4;
			sourceTree = "<group>";
		};
		A14BBE0E06EE1D5600530EED = {
			fileEncoding = 4;
			isa = PBXFileReference;
			lastKnownFileType = sourcecode.c.h;
			path = GrowlDisplayProtocol.h;
			refType = 2;
			sourceTree = SOURCE_ROOT;
		};
		A14BBE1006EE1D5600530EED = {
			fileRef = A14BBE0E06EE1D5600530EED;
			isa = PBXBuildFile;
			settings = {
			};
		};
		A16BD22606FCC05F00BF033B = {
			fileEncoding = 30;
			isa = PBXFileReference;
			lastKnownFileType = sourcecode.c.h;
			path = ACImageAndTextCell.h;
			refType = 4;
			sourceTree = "<group>";
		};
		A16BD22706FCC05F00BF033B = {
			fileEncoding = 30;
			isa = PBXFileReference;
			lastKnownFileType = sourcecode.c.objc;
			path = ACImageAndTextCell.m;
			refType = 4;
			sourceTree = "<group>";
		};
		A16BD22806FCC05F00BF033B = {
			fileRef = A16BD22606FCC05F00BF033B;
			isa = PBXBuildFile;
			settings = {
			};
		};
		A16BD22906FCC05F00BF033B = {
			fileRef = A16BD22706FCC05F00BF033B;
			isa = PBXBuildFile;
			settings = {
			};
		};
		A1DECDD106FF5C010053BF53 = {
			fileType = wrapper.cfbundle;
			isa = PBXReferenceProxy;
			path = NSLogging.growlView;
			refType = 3;
			remoteRef = A1DECDEB06FF5C0B0053BF53;
			sourceTree = BUILT_PRODUCTS_DIR;
		};
		A1DECDD206FF5C010053BF53 = {
			fileType = wrapper.cfbundle;
			isa = PBXReferenceProxy;
			path = Bezel.growlView;
			refType = 3;
			remoteRef = A1DECDEC06FF5C0B0053BF53;
			sourceTree = BUILT_PRODUCTS_DIR;
		};
		A1DECDEB06FF5C0B0053BF53 = {
			containerPortal = 6C1D4F6D06FA0C0500A5D946;
			isa = PBXContainerItemProxy;
			proxyType = 2;
			remoteGlobalIDString = 5282FC6806DD9F2D00179624;
			remoteInfo = NSLogging;
		};
		A1DECDEC06FF5C0B0053BF53 = {
			containerPortal = 6C1D4F6D06FA0C0500A5D946;
			isa = PBXContainerItemProxy;
			proxyType = 2;
			remoteGlobalIDString = 6C60D7BC06F044110025909F;
			remoteInfo = Bezel;
		};
//A10
//A11
//A12
//A13
//A14
//CB0
//CB1
//CB2
//CB3
//CB4
		CB1C5D1B063E432F007052EE = {
			fileEncoding = 4;
			isa = PBXFileReference;
			lastKnownFileType = sourcecode.c.h;
			path = GrowlApplicationTicket.h;
			refType = 4;
			sourceTree = "<group>";
		};
		CB1C5D1C063E432F007052EE = {
			fileEncoding = 4;
			isa = PBXFileReference;
			lastKnownFileType = sourcecode.c.objc;
			path = GrowlApplicationTicket.m;
			refType = 4;
			sourceTree = "<group>";
		};
		CB1C5D95063E523F007052EE = {
			isa = PBXFileReference;
			lastKnownFileType = text.rtf;
			path = README.rtf;
			refType = 4;
			sourceTree = "<group>";
		};
		CB5D139B0638E25300D8F1E5 = {
			fileEncoding = 30;
			isa = PBXFileReference;
			lastKnownFileType = sourcecode.c.h;
			path = KABubbleWindowController.h;
			refType = 4;
			sourceTree = "<group>";
		};
		CB5D139C0638E25300D8F1E5 = {
			fileEncoding = 30;
			isa = PBXFileReference;
			lastKnownFileType = sourcecode.c.objc;
			path = KABubbleWindowController.m;
			refType = 4;
			sourceTree = "<group>";
		};
		CB5D139D0638E25300D8F1E5 = {
			fileEncoding = 30;
			isa = PBXFileReference;
			lastKnownFileType = sourcecode.c.h;
			path = KABubbleWindowView.h;
			refType = 4;
			sourceTree = "<group>";
		};
		CB5D139E0638E25300D8F1E5 = {
			fileEncoding = 30;
			isa = PBXFileReference;
			lastKnownFileType = sourcecode.c.objc;
			path = KABubbleWindowView.m;
			refType = 4;
			sourceTree = "<group>";
		};
		CB5D139F0638E25300D8F1E5 = {
			fileRef = CB5D139B0638E25300D8F1E5;
			isa = PBXBuildFile;
			settings = {
			};
		};
		CB5D13A00638E25300D8F1E5 = {
			fileRef = CB5D139C0638E25300D8F1E5;
			isa = PBXBuildFile;
			settings = {
			};
		};
		CB5D13A10638E25300D8F1E5 = {
			fileRef = CB5D139D0638E25300D8F1E5;
			isa = PBXBuildFile;
			settings = {
			};
		};
		CB5D13A20638E25300D8F1E5 = {
			fileRef = CB5D139E0638E25300D8F1E5;
			isa = PBXBuildFile;
			settings = {
			};
		};
		CB5F835E0638B67C00EADD7A = {
			children = (
				08FB77AFFE84173DC02AAC07,
				089C167CFE841241C02AAC07,
			);
			isa = PBXGroup;
			name = Prefpane;
			refType = 4;
			sourceTree = "<group>";
		};
		CB5F836E0638B69900EADD7A = {
			children = (
				CB5F83A60638B8C800EADD7A,
				CB5F847F0638BD6200EADD7A,
				CB5F84730638BD4D00EADD7A,
			);
			isa = PBXGroup;
			name = HelperApp;
			path = "";
			refType = 4;
			sourceTree = "<group>";
		};
		CB5F83890638B78200EADD7A = {
			fileEncoding = 4;
			isa = PBXFileReference;
			lastKnownFileType = sourcecode.c.h;
			path = GrowlController.h;
			refType = 4;
			sourceTree = "<group>";
		};
		CB5F838A0638B78200EADD7A = {
			fileEncoding = 4;
			isa = PBXFileReference;
			lastKnownFileType = sourcecode.c.objc;
			path = GrowlController.m;
			refType = 4;
			sourceTree = "<group>";
		};
		CB5F838B0638B78200EADD7A = {
			fileRef = CB5F83890638B78200EADD7A;
			isa = PBXBuildFile;
			settings = {
			};
		};
		CB5F838C0638B78200EADD7A = {
			fileRef = CB5F838A0638B78200EADD7A;
			isa = PBXBuildFile;
			settings = {
			};
		};
		CB5F83A60638B8C800EADD7A = {
			fileEncoding = 4;
			isa = PBXFileReference;
			lastKnownFileType = sourcecode.c.objc;
			path = HelperMain.m;
			refType = 4;
			sourceTree = "<group>";
		};
		CB5F83A80638B8C800EADD7A = {
			fileRef = CB5F83A60638B8C800EADD7A;
			isa = PBXBuildFile;
			settings = {
			};
		};
		CB5F84730638BD4D00EADD7A = {
			children = (
				CB61E51A0637763C00E0DDC7,
			);
			isa = PBXGroup;
			name = Resources;
			refType = 4;
			sourceTree = "<group>";
		};
		CB5F847F0638BD6200EADD7A = {
			children = (
				CB5F83890638B78200EADD7A,
				CB5F838A0638B78200EADD7A,
				F57BFE2C0669037C00DE5BFD,
				F57BFE2D0669037C00DE5BFD,
			);
			isa = PBXGroup;
			name = Classes;
			refType = 4;
			sourceTree = "<group>";
		};
		CB5F84D80638BFDB00EADD7A = {
			buildActionMask = 2147483647;
			files = (
				CB5D139F0638E25300D8F1E5,
				CB5D13A10638E25300D8F1E5,
				CBF073CA0659A94F000B4B77,
				52C6205A0677F68A004F80E6,
				0A62933506EE7E7B00002780,
			);
			isa = PBXHeadersBuildPhase;
			runOnlyForDeploymentPostprocessing = 0;
		};
		CB5F84D90638BFDB00EADD7A = {
			buildActionMask = 2147483647;
			files = (
				9522BDDC0738E024008C6B65,
			);
			isa = PBXResourcesBuildPhase;
			runOnlyForDeploymentPostprocessing = 0;
		};
		CB5F84DA0638BFDB00EADD7A = {
			buildActionMask = 2147483647;
			files = (
				CB5D13A00638E25300D8F1E5,
				CB5D13A20638E25300D8F1E5,
				52C6205B0677F68A004F80E6,
				0A62933606EE7E7B00002780,
			);
			isa = PBXSourcesBuildPhase;
			runOnlyForDeploymentPostprocessing = 0;
		};
		CB5F84DB0638BFDB00EADD7A = {
			buildActionMask = 2147483647;
			files = (
				9E51EBA90662FCF700FF1462,
				0AC3E87506F06E2300DA55DE,
			);
			isa = PBXFrameworksBuildPhase;
			runOnlyForDeploymentPostprocessing = 0;
		};
		CB5F84DC0638BFDB00EADD7A = {
			buildPhases = (
				CB5F84D80638BFDB00EADD7A,
				CB5F84D90638BFDB00EADD7A,
				CB5F84DA0638BFDB00EADD7A,
				CB5F84DB0638BFDB00EADD7A,
			);
			buildRules = (
			);
			buildSettings = {
				GCC_PRECOMPILE_PREFIX_HEADER = YES;
				GCC_PREFIX_HEADER = Growl_Prefix.pch;
				GCC_WARN_FOUR_CHARACTER_CONSTANTS = NO;
				GCC_WARN_UNKNOWN_PRAGMAS = NO;
				INFOPLIST_FILE = "BubblesNotificationView-Info.plist";
				INSTALL_PATH = "$(USER_LIBRARY_DIR)/Bundles";
				OTHER_CFLAGS = "";
				OTHER_LDFLAGS = "-framework Foundation -framework AppKit";
				OTHER_REZFLAGS = "";
				PRODUCT_NAME = BubblesNotificationView;
				SECTORDER_FLAGS = "";
				WARNING_CFLAGS = "-Wmost";
				WRAPPER_EXTENSION = growlView;
			};
			dependencies = (
			);
			isa = PBXNativeTarget;
			name = BubblesNotificationView;
			productName = BubblesNotificationView;
			productReference = CB5F84DD0638BFDB00EADD7A;
			productSettingsXML = "<?xml version=\"1.0\" encoding=\"UTF-8\"?>
<!DOCTYPE plist PUBLIC \"-//Apple Computer//DTD PLIST 1.0//EN\" \"http://www.apple.com/DTDs/PropertyList-1.0.dtd\">
<plist version=\"1.0\">
<dict>
	<key>CFBundleDevelopmentRegion</key>
	<string>English</string>
	<key>CFBundleExecutable</key>
	<string>BubblesNotificationView</string>
	<key>CFBundleGetInfoString</key>
	<string></string>
	<key>CFBundleIconFile</key>
	<string></string>
	<key>CFBundleIdentifier</key>
	<string>com.MySoftwareCompany.BubblesNotificationView</string>
	<key>CFBundleInfoDictionaryVersion</key>
	<string>6.0</string>
	<key>CFBundlePackageType</key>
	<string>APPL</string>
	<key>CFBundleShortVersionString</key>
	<string></string>
	<key>CFBundleSignature</key>
	<string>????</string>
	<key>CFBundleVersion</key>
	<string>1.0.0d1</string>
</dict>
</plist>
";
			productType = "com.apple.product-type.bundle";
		};
		CB5F84DD0638BFDB00EADD7A = {
			explicitFileType = wrapper.cfbundle;
			includeInIndex = 0;
			isa = PBXFileReference;
			path = BubblesNotificationView.growlView;
			refType = 3;
			sourceTree = BUILT_PRODUCTS_DIR;
		};
		CB5F84DE0638BFDB00EADD7A = {
			isa = PBXFileReference;
			lastKnownFileType = text.xml;
			path = "BubblesNotificationView-Info.plist";
			refType = 2;
			sourceTree = SOURCE_ROOT;
		};
		CB5F84EB0638BFFF00EADD7A = {
			children = (
				CB5F8F2E0638C7AB00EADD7A,
				CB5F8F3B0638C7BF00EADD7A,
			);
			isa = PBXGroup;
			name = DefaultBubblesNotifications;
			refType = 4;
			sourceTree = "<group>";
		};
		CB5F8F2E0638C7AB00EADD7A = {
			children = (
				CB5D139B0638E25300D8F1E5,
				CB5D139C0638E25300D8F1E5,
				CB5D139D0638E25300D8F1E5,
				CB5D139E0638E25300D8F1E5,
				52C620580677F68A004F80E6,
				52C620590677F68A004F80E6,
				0A62933306EE7E7B00002780,
				0A62933406EE7E7B00002780,
			);
			isa = PBXGroup;
			name = Classes;
			refType = 4;
			sourceTree = "<group>";
		};
		CB5F8F3B0638C7BF00EADD7A = {
			children = (
				9522BDDB0738E024008C6B65,
				CB5F84DE0638BFDB00EADD7A,
			);
			isa = PBXGroup;
			name = Resources;
			refType = 4;
			sourceTree = "<group>";
		};
		CB5F92070638C89800EADD7A = {
			buildActionMask = 2147483647;
			dstPath = "";
			dstSubfolderSpec = 7;
			files = (
				CB5FA1C70638CA5300EADD7A,
			);
			isa = PBXCopyFilesBuildPhase;
			runOnlyForDeploymentPostprocessing = 0;
		};
		CB5FA1BD0638CA2C00EADD7A = {
			fileRef = CB61E5180637763C00E0DDC7;
			isa = PBXBuildFile;
			settings = {
			};
		};
		CB5FA1C00638CA3400EADD7A = {
			containerPortal = 089C1669FE841209C02AAC07;
			isa = PBXContainerItemProxy;
			proxyType = 1;
			remoteGlobalIDString = CB61E5170637763C00E0DDC7;
			remoteInfo = GrowlHelperApp;
		};
		CB5FA1C10638CA3400EADD7A = {
			isa = PBXTargetDependency;
			target = CB61E5170637763C00E0DDC7;
			targetProxy = CB5FA1C00638CA3400EADD7A;
		};
		CB5FA1C30638CA4500EADD7A = {
			containerPortal = 089C1669FE841209C02AAC07;
			isa = PBXContainerItemProxy;
			proxyType = 1;
			remoteGlobalIDString = CB5F84DC0638BFDB00EADD7A;
			remoteInfo = BubblesNotificationView;
		};
		CB5FA1C40638CA4500EADD7A = {
			isa = PBXTargetDependency;
			target = CB5F84DC0638BFDB00EADD7A;
			targetProxy = CB5FA1C30638CA4500EADD7A;
		};
		CB5FA1C70638CA5300EADD7A = {
			fileRef = CB61E5180637763C00E0DDC7;
			isa = PBXBuildFile;
			settings = {
			};
		};
		CB5FA1CB0638CA6300EADD7A = {
			buildActionMask = 2147483647;
			dstPath = "";
			dstSubfolderSpec = 13;
			files = (
				6C4834BA07395F1500F65193,
				6CCCED0907144EF000C5B203,
				CB5FA1CF0638CA7300EADD7A,
				6C1D527C06FA0CEB00A5D946,
				6C4834CF07395F1B00F65193,
				0A0429530708ACC70058CBD0,
			);
			isa = PBXCopyFilesBuildPhase;
			runOnlyForDeploymentPostprocessing = 0;
		};
		CB5FA1CF0638CA7300EADD7A = {
			fileRef = CB5F84DD0638BFDB00EADD7A;
			isa = PBXBuildFile;
			settings = {
			};
		};
		CB61E5130637763C00E0DDC7 = {
			buildActionMask = 2147483647;
			files = (
				52861FC206DC421C00D3A356,
				CB5F838B0638B78200EADD7A,
				CBF0743A0659B1F4000B4B77,
				CBF073CB0659A94F000B4B77,
				F57BFE2E0669037C00DE5BFD,
				63C92DDB06D05D22007368FA,
				5286205706DC4C2F00D3A356,
			);
			isa = PBXHeadersBuildPhase;
			runOnlyForDeploymentPostprocessing = 0;
		};
		CB61E5140637763C00E0DDC7 = {
			buildActionMask = 2147483647;
			files = (
				63C92DD806D05D22007368FA,
				63C92DD906D05D22007368FA,
				63C92DDA06D05D22007368FA,
				52861FF006DC463E00D3A356,
			);
			isa = PBXResourcesBuildPhase;
			runOnlyForDeploymentPostprocessing = 0;
		};
		CB61E5150637763C00E0DDC7 = {
			buildActionMask = 2147483647;
			files = (
				52861FC306DC422300D3A356,
				CB5F838C0638B78200EADD7A,
				CBF0743F0659B202000B4B77,
				CB5F83A80638B8C800EADD7A,
				F57BFE2F0669037C00DE5BFD,
				63C92DDC06D05D22007368FA,
				5286205806DC4C2F00D3A356,
			);
			isa = PBXSourcesBuildPhase;
			runOnlyForDeploymentPostprocessing = 0;
		};
		CB61E5160637763C00E0DDC7 = {
			buildActionMask = 2147483647;
			files = (
				9E51EBA50662FCE400FF1462,
			);
			isa = PBXFrameworksBuildPhase;
			runOnlyForDeploymentPostprocessing = 0;
		};
		CB61E5170637763C00E0DDC7 = {
			buildPhases = (
				CB61E5130637763C00E0DDC7,
				CB61E5140637763C00E0DDC7,
				CB61E5150637763C00E0DDC7,
				CB61E5160637763C00E0DDC7,
				CB5FA1CB0638CA6300EADD7A,
				63C060F406C8946E00B0B7D4,
			);
			buildRules = (
			);
			buildSettings = {
				GCC_PRECOMPILE_PREFIX_HEADER = YES;
				GCC_PREFIX_HEADER = Growl_Prefix.pch;
				GCC_WARN_FOUR_CHARACTER_CONSTANTS = NO;
				GCC_WARN_UNKNOWN_PRAGMAS = NO;
				INFOPLIST_FILE = "GrowlHelperApp-Info.plist";
				INSTALL_PATH = "$(USER_APPS_DIR)";
				OTHER_CFLAGS = "";
				OTHER_LDFLAGS = "-framework Foundation -framework AppKit";
				OTHER_REZFLAGS = "";
				PRODUCT_NAME = GrowlHelperApp;
				SECTORDER_FLAGS = "";
				WARNING_CFLAGS = "-Wmost";
			};
			dependencies = (
				CB5FA1C40638CA4500EADD7A,
				6C1D4F7106FA0C7E00A5D946,
				0A0429000708ACA10058CBD0,
				6C566EFC0716F1D300E139BD,
				6C4834DC07395F3100F65193,
				6C4834DE07395F3400F65193,
			);
			isa = PBXNativeTarget;
			name = GrowlHelperApp;
			productName = GrowlHelperApp;
			productReference = CB61E5180637763C00E0DDC7;
			productSettingsXML = "<?xml version=\"1.0\" encoding=\"UTF-8\"?>
<!DOCTYPE plist PUBLIC \"-//Apple Computer//DTD PLIST 1.0//EN\" \"http://www.apple.com/DTDs/PropertyList-1.0.dtd\">
<plist version=\"1.0\">
<dict>
	<key>CFBundleDevelopmentRegion</key>
	<string>English</string>
	<key>CFBundleExecutable</key>
	<string>GrowlHelperApp</string>
	<key>CFBundleGetInfoString</key>
	<string></string>
	<key>CFBundleIconFile</key>
	<string></string>
	<key>CFBundleIdentifier</key>
	<string>com.MySoftwareCompany.GrowlHelperApp</string>
	<key>CFBundleInfoDictionaryVersion</key>
	<string>6.0</string>
	<key>CFBundlePackageType</key>
	<string>APPL</string>
	<key>CFBundleShortVersionString</key>
	<string></string>
	<key>CFBundleSignature</key>
	<string>????</string>
	<key>CFBundleVersion</key>
	<string>1.0.0d1</string>
	<key>NSMainNibFile</key>
	<string>MainMenu</string>
	<key>NSPrincipalClass</key>
	<string>NSApplication</string>
</dict>
</plist>
";
			productType = "com.apple.product-type.application";
		};
		CB61E5180637763C00E0DDC7 = {
			explicitFileType = wrapper.application;
			includeInIndex = 0;
			isa = PBXFileReference;
			path = GrowlHelperApp.app;
			refType = 3;
			sourceTree = BUILT_PRODUCTS_DIR;
		};
		CB61E51A0637763C00E0DDC7 = {
			isa = PBXFileReference;
			lastKnownFileType = text.xml;
			path = "GrowlHelperApp-Info.plist";
			refType = 2;
			sourceTree = SOURCE_ROOT;
		};
		CBF073C80659A94F000B4B77 = {
			fileEncoding = 4;
			isa = PBXFileReference;
			lastKnownFileType = sourcecode.c.h;
			path = GrowlDefines.h;
			refType = 4;
			sourceTree = "<group>";
		};
		CBF073CA0659A94F000B4B77 = {
			fileRef = CBF073C80659A94F000B4B77;
			isa = PBXBuildFile;
			settings = {
			};
		};
		CBF073CB0659A94F000B4B77 = {
			fileRef = CBF073C80659A94F000B4B77;
			isa = PBXBuildFile;
			settings = {
			};
		};
		CBF073CC0659A94F000B4B77 = {
			fileRef = CBF073C80659A94F000B4B77;
			isa = PBXBuildFile;
			settings = {
			};
		};
		CBF0743A0659B1F4000B4B77 = {
			fileRef = CB1C5D1B063E432F007052EE;
			isa = PBXBuildFile;
			settings = {
			};
		};
		CBF0743F0659B202000B4B77 = {
			fileRef = CB1C5D1C063E432F007052EE;
			isa = PBXBuildFile;
			settings = {
			};
		};
//CB0
//CB1
//CB2
//CB3
//CB4
//F50
//F51
//F52
//F53
//F54
		F506C035013D953901CA16C8 = {
			isa = PBXFileReference;
			lastKnownFileType = wrapper.framework;
			name = PreferencePanes.framework;
			path = /System/Library/Frameworks/PreferencePanes.framework;
			refType = 0;
			sourceTree = "<absolute>";
		};
		F506C03C013D9D7901CA16C8 = {
			fileEncoding = 4;
			isa = PBXFileReference;
			lastKnownFileType = sourcecode.c.h;
			path = GrowlPref.h;
			refType = 4;
			sourceTree = "<group>";
		};
		F506C03D013D9D7901CA16C8 = {
			fileEncoding = 4;
			isa = PBXFileReference;
			lastKnownFileType = sourcecode.c.objc;
			path = GrowlPref.m;
			refType = 4;
			sourceTree = "<group>";
		};
		F506C040013D9D8001CA16C8 = {
			isa = PBXFileReference;
			lastKnownFileType = image.tiff;
			path = GrowlPref.tiff;
			refType = 4;
			sourceTree = "<group>";
		};
		F506C042013D9D8C01CA16C8 = {
			children = (
				F506C043013D9D8C01CA16C8,
				950B97680737C44B00F76F16,
			);
			isa = PBXVariantGroup;
			name = GrowlPref.nib;
			path = "";
			refType = 4;
			sourceTree = "<group>";
		};
		F506C043013D9D8C01CA16C8 = {
			isa = PBXFileReference;
			lastKnownFileType = wrapper.nib;
			name = English;
			path = English.lproj/GrowlPref.nib;
			refType = 4;
			sourceTree = "<group>";
		};
		F57BFE2C0669037C00DE5BFD = {
			fileEncoding = 30;
			isa = PBXFileReference;
			lastKnownFileType = sourcecode.c.h;
			path = NSGrowlAdditions.h;
			refType = 4;
			sourceTree = "<group>";
		};
		F57BFE2D0669037C00DE5BFD = {
			fileEncoding = 30;
			isa = PBXFileReference;
			lastKnownFileType = sourcecode.c.objc;
			path = NSGrowlAdditions.m;
			refType = 4;
			sourceTree = "<group>";
		};
		F57BFE2E0669037C00DE5BFD = {
			fileRef = F57BFE2C0669037C00DE5BFD;
			isa = PBXBuildFile;
			settings = {
			};
		};
		F57BFE2F0669037C00DE5BFD = {
			fileRef = F57BFE2D0669037C00DE5BFD;
			isa = PBXBuildFile;
			settings = {
			};
		};
	};
	rootObject = 089C1669FE841209C02AAC07;
}
