// !$*UTF8*$!
{
	archiveVersion = 1;
	classes = {
	};
	objectVersion = 44;
	objects = {

/* Begin PBXBuildFile section */
		345BD5600C89AAC4005C3DA2 /* OpenGrowlPrefPane.m in Sources */ = {isa = PBXBuildFile; fileRef = 08FB7796FE84155DC02AAC07 /* OpenGrowlPrefPane.m */; settings = {ATTRIBUTES = (); }; };
		345BD5610C89AAC4005C3DA2 /* AEVTBuilder.m in Sources */ = {isa = PBXBuildFile; fileRef = 34CD9A570C885E230040C77F /* AEVTBuilder.m */; };
		345BD5630C89AAC4005C3DA2 /* Foundation.framework in Frameworks */ = {isa = PBXBuildFile; fileRef = 08FB779EFE84155DC02AAC07 /* Foundation.framework */; };
		345BD5640C89AAC4005C3DA2 /* Cocoa.framework in Frameworks */ = {isa = PBXBuildFile; fileRef = 34CD9AAA0C8863C50040C77F /* Cocoa.framework */; };
		345BD56C0C89AAE2005C3DA2 /* OpenPrefPane.m in Sources */ = {isa = PBXBuildFile; fileRef = 345BD56B0C89AAE2005C3DA2 /* OpenPrefPane.m */; };
		345BD56F0C89AB1B005C3DA2 /* PrefPaneOpener.m in Sources */ = {isa = PBXBuildFile; fileRef = 345BD56E0C89AB1B005C3DA2 /* PrefPaneOpener.m */; };
		345BD5710C89ABB0005C3DA2 /* PrefPaneOpener.m in Sources */ = {isa = PBXBuildFile; fileRef = 345BD56E0C89AB1B005C3DA2 /* PrefPaneOpener.m */; };
		34CD9A580C885E230040C77F /* AEVTBuilder.m in Sources */ = {isa = PBXBuildFile; fileRef = 34CD9A570C885E230040C77F /* AEVTBuilder.m */; };
		34CD9AAB0C8863C50040C77F /* Cocoa.framework in Frameworks */ = {isa = PBXBuildFile; fileRef = 34CD9AAA0C8863C50040C77F /* Cocoa.framework */; };
		8DD76F9C0486AA7600D96B5E /* Foundation.framework in Frameworks */ = {isa = PBXBuildFile; fileRef = 08FB779EFE84155DC02AAC07 /* Foundation.framework */; };
/* End PBXBuildFile section */

/* Begin PBXCopyFilesBuildPhase section */
		345BD5650C89AAC4005C3DA2 /* CopyFiles */ = {
			isa = PBXCopyFilesBuildPhase;
			buildActionMask = 8;
			dstPath = /usr/share/man/man1/;
			dstSubfolderSpec = 0;
			files = (
			);
			runOnlyForDeploymentPostprocessing = 1;
		};
		8DD76F9E0486AA7600D96B5E /* CopyFiles */ = {
			isa = PBXCopyFilesBuildPhase;
			buildActionMask = 8;
			dstPath = /usr/share/man/man1/;
			dstSubfolderSpec = 0;
			files = (
			);
			runOnlyForDeploymentPostprocessing = 1;
		};
/* End PBXCopyFilesBuildPhase section */

/* Begin PBXFileReference section */
		08FB7796FE84155DC02AAC07 /* OpenGrowlPrefPane.m */ = {isa = PBXFileReference; fileEncoding = 4; lastKnownFileType = sourcecode.c.objc; path = OpenGrowlPrefPane.m; sourceTree = "<group>"; };
		08FB779EFE84155DC02AAC07 /* Foundation.framework */ = {isa = PBXFileReference; lastKnownFileType = wrapper.framework; name = Foundation.framework; path = /System/Library/Frameworks/Foundation.framework; sourceTree = "<absolute>"; };
		32A70AAB03705E1F00C91783 /* OpenGrowlPrefPane_Prefix.pch */ = {isa = PBXFileReference; fileEncoding = 4; lastKnownFileType = sourcecode.c.h; path = OpenGrowlPrefPane_Prefix.pch; sourceTree = "<group>"; };
		345BD5690C89AAC4005C3DA2 /* OpenGrowlPrefPane */ = {isa = PBXFileReference; explicitFileType = "compiled.mach-o.executable"; includeInIndex = 0; path = OpenGrowlPrefPane; sourceTree = BUILT_PRODUCTS_DIR; };
		345BD56B0C89AAE2005C3DA2 /* OpenPrefPane.m */ = {isa = PBXFileReference; fileEncoding = 4; lastKnownFileType = sourcecode.c.objc; path = OpenPrefPane.m; sourceTree = "<group>"; };
		345BD56D0C89AB1B005C3DA2 /* PrefPaneOpener.h */ = {isa = PBXFileReference; fileEncoding = 4; lastKnownFileType = sourcecode.c.h; path = PrefPaneOpener.h; sourceTree = "<group>"; };
		345BD56E0C89AB1B005C3DA2 /* PrefPaneOpener.m */ = {isa = PBXFileReference; fileEncoding = 4; lastKnownFileType = sourcecode.c.objc; path = PrefPaneOpener.m; sourceTree = "<group>"; };
		34CD9A560C885E230040C77F /* AEVTBuilder.h */ = {isa = PBXFileReference; fileEncoding = 4; lastKnownFileType = sourcecode.c.h; name = AEVTBuilder.h; path = ../../../Release/Growl/OpenGrowlPrefPane/AEVTBuilder.h; sourceTree = SOURCE_ROOT; };
		34CD9A570C885E230040C77F /* AEVTBuilder.m */ = {isa = PBXFileReference; fileEncoding = 4; lastKnownFileType = sourcecode.c.objc; name = AEVTBuilder.m; path = ../../../Release/Growl/OpenGrowlPrefPane/AEVTBuilder.m; sourceTree = SOURCE_ROOT; };
		34CD9AAA0C8863C50040C77F /* Cocoa.framework */ = {isa = PBXFileReference; lastKnownFileType = wrapper.framework; name = Cocoa.framework; path = /System/Library/Frameworks/Cocoa.framework; sourceTree = "<absolute>"; };
		8DD76FA10486AA7600D96B5E /* OpenPrefPane */ = {isa = PBXFileReference; explicitFileType = "compiled.mach-o.executable"; includeInIndex = 0; path = OpenPrefPane; sourceTree = BUILT_PRODUCTS_DIR; };
/* End PBXFileReference section */

/* Begin PBXFrameworksBuildPhase section */
		345BD5620C89AAC4005C3DA2 /* Frameworks */ = {
			isa = PBXFrameworksBuildPhase;
			buildActionMask = 2147483647;
			files = (
				345BD5630C89AAC4005C3DA2 /* Foundation.framework in Frameworks */,
				345BD5640C89AAC4005C3DA2 /* Cocoa.framework in Frameworks */,
			);
			runOnlyForDeploymentPostprocessing = 0;
		};
		8DD76F9B0486AA7600D96B5E /* Frameworks */ = {
			isa = PBXFrameworksBuildPhase;
			buildActionMask = 2147483647;
			files = (
				8DD76F9C0486AA7600D96B5E /* Foundation.framework in Frameworks */,
				34CD9AAB0C8863C50040C77F /* Cocoa.framework in Frameworks */,
			);
			runOnlyForDeploymentPostprocessing = 0;
		};
/* End PBXFrameworksBuildPhase section */

/* Begin PBXGroup section */
		08FB7794FE84155DC02AAC07 /* OpenGrowlPrefPane */ = {
			isa = PBXGroup;
			children = (
				08FB7795FE84155DC02AAC07 /* Source */,
				C6859EA2029092E104C91782 /* Documentation */,
				08FB779DFE84155DC02AAC07 /* External Frameworks and Libraries */,
				1AB674ADFE9D54B511CA2CBB /* Products */,
			);
			name = OpenGrowlPrefPane;
			sourceTree = "<group>";
		};
		08FB7795FE84155DC02AAC07 /* Source */ = {
			isa = PBXGroup;
			children = (
				32A70AAB03705E1F00C91783 /* OpenGrowlPrefPane_Prefix.pch */,
				08FB7796FE84155DC02AAC07 /* OpenGrowlPrefPane.m */,
				34CD9A560C885E230040C77F /* AEVTBuilder.h */,
				34CD9A570C885E230040C77F /* AEVTBuilder.m */,
				345BD56B0C89AAE2005C3DA2 /* OpenPrefPane.m */,
				345BD56D0C89AB1B005C3DA2 /* PrefPaneOpener.h */,
				345BD56E0C89AB1B005C3DA2 /* PrefPaneOpener.m */,
			);
			name = Source;
			sourceTree = "<group>";
		};
		08FB779DFE84155DC02AAC07 /* External Frameworks and Libraries */ = {
			isa = PBXGroup;
			children = (
				34CD9AAA0C8863C50040C77F /* Cocoa.framework */,
				08FB779EFE84155DC02AAC07 /* Foundation.framework */,
			);
			name = "External Frameworks and Libraries";
			sourceTree = "<group>";
		};
		1AB674ADFE9D54B511CA2CBB /* Products */ = {
			isa = PBXGroup;
			children = (
				8DD76FA10486AA7600D96B5E /* OpenPrefPane */,
				345BD5690C89AAC4005C3DA2 /* OpenGrowlPrefPane */,
			);
			name = Products;
			sourceTree = "<group>";
		};
		C6859EA2029092E104C91782 /* Documentation */ = {
			isa = PBXGroup;
			children = (
			);
			name = Documentation;
			sourceTree = "<group>";
		};
/* End PBXGroup section */

/* Begin PBXNativeTarget section */
		345BD55E0C89AAC4005C3DA2 /* OpenGrowlPrefPane */ = {
			isa = PBXNativeTarget;
			buildConfigurationList = 345BD5660C89AAC4005C3DA2 /* Build configuration list for PBXNativeTarget "OpenGrowlPrefPane" */;
			buildPhases = (
				345BD55F0C89AAC4005C3DA2 /* Sources */,
				345BD5620C89AAC4005C3DA2 /* Frameworks */,
				345BD5650C89AAC4005C3DA2 /* CopyFiles */,
			);
			buildRules = (
			);
			dependencies = (
			);
			name = OpenGrowlPrefPane;
			productInstallPath = "$(HOME)/bin";
			productName = OpenGrowlPrefPane;
			productReference = 345BD5690C89AAC4005C3DA2 /* OpenGrowlPrefPane */;
			productType = "com.apple.product-type.tool";
		};
		8DD76F960486AA7600D96B5E /* OpenPrefPane */ = {
			isa = PBXNativeTarget;
			buildConfigurationList = 1DEB927408733DD40010E9CD /* Build configuration list for PBXNativeTarget "OpenPrefPane" */;
			buildPhases = (
				8DD76F990486AA7600D96B5E /* Sources */,
				8DD76F9B0486AA7600D96B5E /* Frameworks */,
				8DD76F9E0486AA7600D96B5E /* CopyFiles */,
			);
			buildRules = (
			);
			dependencies = (
			);
			name = OpenPrefPane;
			productInstallPath = "$(HOME)/bin";
			productName = OpenGrowlPrefPane;
			productReference = 8DD76FA10486AA7600D96B5E /* OpenPrefPane */;
			productType = "com.apple.product-type.tool";
		};
/* End PBXNativeTarget section */

/* Begin PBXProject section */
		08FB7793FE84155DC02AAC07 /* Project object */ = {
			isa = PBXProject;
			buildConfigurationList = 1DEB927808733DD40010E9CD /* Build configuration list for PBXProject "OpenGrowlPrefPane" */;
			compatibilityVersion = "Xcode 3.0";
			hasScannedForEncodings = 1;
			mainGroup = 08FB7794FE84155DC02AAC07 /* OpenGrowlPrefPane */;
			projectDirPath = "";
			projectRoot = "";
			targets = (
				8DD76F960486AA7600D96B5E /* OpenPrefPane */,
				345BD55E0C89AAC4005C3DA2 /* OpenGrowlPrefPane */,
			);
		};
/* End PBXProject section */

/* Begin PBXSourcesBuildPhase section */
		345BD55F0C89AAC4005C3DA2 /* Sources */ = {
			isa = PBXSourcesBuildPhase;
			buildActionMask = 2147483647;
			files = (
				345BD5600C89AAC4005C3DA2 /* OpenGrowlPrefPane.m in Sources */,
				345BD5610C89AAC4005C3DA2 /* AEVTBuilder.m in Sources */,
				345BD5710C89ABB0005C3DA2 /* PrefPaneOpener.m in Sources */,
			);
			runOnlyForDeploymentPostprocessing = 0;
		};
		8DD76F990486AA7600D96B5E /* Sources */ = {
			isa = PBXSourcesBuildPhase;
			buildActionMask = 2147483647;
			files = (
				34CD9A580C885E230040C77F /* AEVTBuilder.m in Sources */,
				345BD56C0C89AAE2005C3DA2 /* OpenPrefPane.m in Sources */,
				345BD56F0C89AB1B005C3DA2 /* PrefPaneOpener.m in Sources */,
			);
			runOnlyForDeploymentPostprocessing = 0;
		};
/* End PBXSourcesBuildPhase section */

/* Begin XCBuildConfiguration section */
		1DEB927508733DD40010E9CD /* Debug */ = {
			isa = XCBuildConfiguration;
			buildSettings = {
				COPY_PHASE_STRIP = NO;
				GCC_DYNAMIC_NO_PIC = NO;
				GCC_ENABLE_FIX_AND_CONTINUE = YES;
				GCC_MODEL_TUNING = G5;
				GCC_OPTIMIZATION_LEVEL = 0;
				GCC_PRECOMPILE_PREFIX_HEADER = YES;
				GCC_PREFIX_HEADER = OpenGrowlPrefPane_Prefix.pch;
				INSTALL_PATH = /usr/local/bin;
				PRODUCT_NAME = OpenPrefPane;
				ZERO_LINK = YES;
			};
			name = Debug;
		};
		1DEB927608733DD40010E9CD /* Release */ = {
			isa = XCBuildConfiguration;
			buildSettings = {
				GCC_MODEL_TUNING = G5;
				GCC_PRECOMPILE_PREFIX_HEADER = YES;
				GCC_PREFIX_HEADER = OpenGrowlPrefPane_Prefix.pch;
				PRODUCT_NAME = OpenPrefPane;
			};
			name = Release;
		};
		1DEB927908733DD40010E9CD /* Debug */ = {
			isa = XCBuildConfiguration;
			buildSettings = {
				GCC_WARN_ABOUT_RETURN_TYPE = YES;
				GCC_WARN_UNUSED_VARIABLE = YES;
				PREBINDING = NO;
				SDKROOT = "$(DEVELOPER_SDK_DIR)/MacOSX10.5.sdk";
			};
			name = Debug;
		};
		1DEB927A08733DD40010E9CD /* Release */ = {
			isa = XCBuildConfiguration;
			buildSettings = {
				ARCHS = (
					ppc,
					i386,
				);
				GCC_WARN_ABOUT_RETURN_TYPE = YES;
				GCC_WARN_UNUSED_VARIABLE = YES;
				MACOSX_DEPLOYMENT_TARGET = 10.3;
				PREBINDING = NO;
			};
			name = Release;
		};
		345BD5670C89AAC4005C3DA2 /* Debug */ = {
			isa = XCBuildConfiguration;
			buildSettings = {
				COPY_PHASE_STRIP = NO;
				GCC_DYNAMIC_NO_PIC = NO;
				GCC_ENABLE_FIX_AND_CONTINUE = YES;
				GCC_MODEL_TUNING = G5;
				GCC_OPTIMIZATION_LEVEL = 0;
				GCC_PRECOMPILE_PREFIX_HEADER = YES;
				GCC_PREFIX_HEADER = OpenGrowlPrefPane_Prefix.pch;
				INSTALL_PATH = /usr/local/bin;
				PRODUCT_NAME = OpenGrowlPrefPane;
				ZERO_LINK = YES;
			};
			name = Debug;
		};
		345BD5680C89AAC4005C3DA2 /* Release */ = {
			isa = XCBuildConfiguration;
			buildSettings = {
				GCC_MODEL_TUNING = G5;
				GCC_PRECOMPILE_PREFIX_HEADER = YES;
				GCC_PREFIX_HEADER = OpenGrowlPrefPane_Prefix.pch;
				PRODUCT_NAME = OpenGrowlPrefPane;
			};
			name = Release;
		};
/* End XCBuildConfiguration section */

/* Begin XCConfigurationList section */
		1DEB927408733DD40010E9CD /* Build configuration list for PBXNativeTarget "OpenPrefPane" */ = {
			isa = XCConfigurationList;
			buildConfigurations = (
				1DEB927508733DD40010E9CD /* Debug */,
				1DEB927608733DD40010E9CD /* Release */,
			);
			defaultConfigurationIsVisible = 0;
			defaultConfigurationName = Release;
		};
		1DEB927808733DD40010E9CD /* Build configuration list for PBXProject "OpenGrowlPrefPane" */ = {
			isa = XCConfigurationList;
			buildConfigurations = (
				1DEB927908733DD40010E9CD /* Debug */,
				1DEB927A08733DD40010E9CD /* Release */,
			);
			defaultConfigurationIsVisible = 0;
			defaultConfigurationName = Release;
		};
		345BD5660C89AAC4005C3DA2 /* Build configuration list for PBXNativeTarget "OpenGrowlPrefPane" */ = {
			isa = XCConfigurationList;
			buildConfigurations = (
				345BD5670C89AAC4005C3DA2 /* Debug */,
				345BD5680C89AAC4005C3DA2 /* Release */,
			);
			defaultConfigurationIsVisible = 0;
			defaultConfigurationName = Release;
		};
/* End XCConfigurationList section */
	};
	rootObject = 08FB7793FE84155DC02AAC07 /* Project object */;
}
