// !$*UTF8*$!
{
	archiveVersion = 1;
	classes = {
	};
	objectVersion = 39;
	objects = {
		014CEA420018CDE011CA2923 = {
			buildSettings = {
				COPY_PHASE_STRIP = NO;
				GCC_DYNAMIC_NO_PIC = NO;
				GCC_GENERATE_DEBUGGING_SYMBOLS = YES;
				GCC_OPTIMIZATION_LEVEL = 0;
				GCC_WARN_UNINITIALIZED_AUTOS = NO;
			};
			isa = PBXBuildStyle;
			name = Development;
		};
		014CEA430018CDE011CA2923 = {
			buildSettings = {
				COPY_PHASE_STRIP = YES;
				DEAD_CODE_STRIPPING = YES;
				DEPLOYMENT_POSTPROCESSING = YES;
				GCC_DEBUGGING_SYMBOLS = full;
				GCC_ENABLE_FIX_AND_CONTINUE = NO;
				ZERO_LINK = NO;
			};
			isa = PBXBuildStyle;
			name = Deployment;
		};
//010
//011
//012
//013
//014
//080
//081
//082
//083
//084
		089C1669FE841209C02AAC07 = {
			buildSettings = {
			};
			buildStyles = (
				014CEA420018CDE011CA2923,
				014CEA430018CDE011CA2923,
				9564FB7707439C1E00F1CCE5,
			);
			hasScannedForEncodings = 1;
			isa = PBXProject;
			mainGroup = 089C166AFE841209C02AAC07;
			projectDirPath = "";
			targets = (
				95D7409F084B984E000D67BC,
				8D5B49AC048680CD000E48DA,
				95D740A9084B9887000D67BC,
			);
		};
		089C166AFE841209C02AAC07 = {
			children = (
				08FB77AFFE84173DC02AAC07,
				32C88E010371C26100C91783,
				089C167CFE841241C02AAC07,
				089C1671FE841209C02AAC07,
				19C28FB8FE9D52D311CA2CBB,
			);
			isa = PBXGroup;
			name = GrowlSafari;
			refType = 4;
			sourceTree = "<group>";
		};
		089C1671FE841209C02AAC07 = {
			children = (
				1058C7ACFEA557BF11CA2CBB,
				1058C7AEFEA557BF11CA2CBB,
			);
			isa = PBXGroup;
			name = "Frameworks and Libraries";
			refType = 4;
			sourceTree = "<group>";
		};
		089C1672FE841209C02AAC07 = {
			isa = PBXFileReference;
			lastKnownFileType = wrapper.framework;
			name = Foundation.framework;
			path = /System/Library/Frameworks/Foundation.framework;
			refType = 0;
			sourceTree = "<absolute>";
		};
		089C167CFE841241C02AAC07 = {
			children = (
				95D7410F084B997C000D67BC,
				95AC93B1073A052B007871AB,
				8D5B49B7048680CD000E48DA,
				089C167DFE841241C02AAC07,
				95D740AB084B9887000D67BC,
			);
			isa = PBXGroup;
			name = Resources;
			refType = 4;
			sourceTree = "<group>";
		};
		089C167DFE841241C02AAC07 = {
			children = (
				089C167EFE841241C02AAC07,
			);
			isa = PBXVariantGroup;
			name = InfoPlist.strings;
			refType = 4;
			sourceTree = "<group>";
		};
		089C167EFE841241C02AAC07 = {
			fileEncoding = 10;
			isa = PBXFileReference;
			lastKnownFileType = text.plist.strings;
			name = English;
			path = English.lproj/InfoPlist.strings;
			refType = 4;
			sourceTree = "<group>";
		};
		089C167FFE841241C02AAC07 = {
			isa = PBXFileReference;
			lastKnownFileType = wrapper.framework;
			name = AppKit.framework;
			path = /System/Library/Frameworks/AppKit.framework;
			refType = 0;
			sourceTree = "<absolute>";
		};
		08FB77AFFE84173DC02AAC07 = {
			children = (
				0A17E73807333A22008CCDC5,
				0A17E73907333A22008CCDC5,
				954E6B8008393A6800C76A74,
				954E6B8108393A6800C76A74,
				954E6B8D08393AC000C76A74,
				95D74085084B96C4000D67BC,
				95D74086084B96C4000D67BC,
			);
			isa = PBXGroup;
			name = Classes;
			refType = 4;
			sourceTree = "<group>";
		};
//080
//081
//082
//083
//084
//0A0
//0A1
//0A2
//0A3
//0A4
		0A17E73807333A22008CCDC5 = {
			fileEncoding = 4;
			isa = PBXFileReference;
			lastKnownFileType = sourcecode.c.h;
			path = GrowlSafari.h;
			refType = 4;
			sourceTree = "<group>";
		};
		0A17E73907333A22008CCDC5 = {
			fileEncoding = 4;
			isa = PBXFileReference;
			lastKnownFileType = sourcecode.c.objc;
			path = GrowlSafari.m;
			refType = 4;
			sourceTree = "<group>";
		};
		0A17E73B07333A22008CCDC5 = {
			fileRef = 0A17E73907333A22008CCDC5;
			isa = PBXBuildFile;
			settings = {
			};
		};
//0A0
//0A1
//0A2
//0A3
//0A4
//100
//101
//102
//103
//104
		1058C7ACFEA557BF11CA2CBB = {
			children = (
				1058C7ADFEA557BF11CA2CBB,
			);
			isa = PBXGroup;
			name = "Linked Frameworks";
			refType = 4;
			sourceTree = "<group>";
		};
		1058C7ADFEA557BF11CA2CBB = {
			isa = PBXFileReference;
			lastKnownFileType = wrapper.framework;
			name = Cocoa.framework;
			path = /System/Library/Frameworks/Cocoa.framework;
			refType = 0;
			sourceTree = "<absolute>";
		};
		1058C7AEFEA557BF11CA2CBB = {
			children = (
				950F179C07E0D6D2001723BE,
				089C1672FE841209C02AAC07,
				089C167FFE841241C02AAC07,
			);
			isa = PBXGroup;
			name = "Other Frameworks";
			refType = 4;
			sourceTree = "<group>";
		};
//100
//101
//102
//103
//104
//190
//191
//192
//193
//194
		19C28FB8FE9D52D311CA2CBB = {
			children = (
				8D5B49B6048680CD000E48DA,
				95D740AA084B9887000D67BC,
			);
			isa = PBXGroup;
			name = Products;
			refType = 4;
			sourceTree = "<group>";
		};
//190
//191
//192
//193
//194
//320
//321
//322
//323
//324
		32C88E010371C26100C91783 = {
			children = (
				32DBCF630370AF2F00C91783,
			);
			isa = PBXGroup;
			name = "Other Sources";
			refType = 4;
			sourceTree = "<group>";
		};
		32DBCF630370AF2F00C91783 = {
			fileEncoding = 4;
			isa = PBXFileReference;
			lastKnownFileType = sourcecode.c.h;
			path = GrowlSafari_Prefix.pch;
			refType = 4;
			sourceTree = "<group>";
		};
//320
//321
//322
//323
//324
//8D0
//8D1
//8D2
//8D3
//8D4
		8D5B49AC048680CD000E48DA = {
			buildPhases = (
				8D5B49AF048680CD000E48DA,
				8D5B49B1048680CD000E48DA,
				8D5B49B3048680CD000E48DA,
				95D639460823F6D500DB66DA,
			);
			buildRules = (
			);
			buildSettings = {
				FRAMEWORK_SEARCH_PATHS = ../../build;
				GCC_C_LANGUAGE_STANDARD = gnu99;
				GCC_PRECOMPILE_PREFIX_HEADER = YES;
				GCC_PREFIX_HEADER = GrowlSafari_Prefix.pch;
				GCC_WARN_ABOUT_MISSING_PROTOTYPES = YES;
				GCC_WARN_ABOUT_RETURN_TYPE = YES;
				GCC_WARN_CHECK_SWITCH_STATEMENTS = YES;
				GCC_WARN_INITIALIZER_NOT_FULLY_BRACKETED = YES;
				GCC_WARN_MISSING_PARENTHESES = YES;
				GCC_WARN_SHADOW = YES;
				GCC_WARN_SIGN_COMPARE = YES;
				GCC_WARN_TYPECHECK_CALLS_TO_PRINTF = YES;
				GCC_WARN_UNINITIALIZED_AUTOS = YES;
				GCC_WARN_UNKNOWN_PRAGMAS = YES;
				GCC_WARN_UNUSED_FUNCTION = YES;
				GCC_WARN_UNUSED_LABEL = YES;
				GCC_WARN_UNUSED_PARAMETER = YES;
				GCC_WARN_UNUSED_VALUE = YES;
				GCC_WARN_UNUSED_VARIABLE = YES;
				INFOPLIST_FILE = Info.plist;
				INSTALL_PATH = "$(HOME)/Library/Bundles";
				MACOSX_DEPLOYMENT_TARGET = 10.3;
				OTHER_LDFLAGS = "-weak_framework Growl -undefined suppress -force_flat_namespace";
				PRODUCT_NAME = GrowlSafari;
				WARNING_CFLAGS = "-W -Wall";
				WRAPPER_EXTENSION = bundle;
			};
			dependencies = (
			);
			isa = PBXNativeTarget;
			name = GrowlSafari;
			productInstallPath = "$(HOME)/Library/Bundles";
			productName = GrowlSafari;
			productReference = 8D5B49B6048680CD000E48DA;
			productType = "com.apple.product-type.bundle";
		};
		8D5B49AF048680CD000E48DA = {
			buildActionMask = 2147483647;
			files = (
				8D5B49B0048680CD000E48DA,
				95AC93B2073A052B007871AB,
			);
			isa = PBXResourcesBuildPhase;
			runOnlyForDeploymentPostprocessing = 0;
		};
		8D5B49B0048680CD000E48DA = {
			fileRef = 089C167DFE841241C02AAC07;
			isa = PBXBuildFile;
			settings = {
			};
		};
		8D5B49B1048680CD000E48DA = {
			buildActionMask = 2147483647;
			files = (
				0A17E73B07333A22008CCDC5,
				954E6B8308393A6800C76A74,
			);
			isa = PBXSourcesBuildPhase;
			runOnlyForDeploymentPostprocessing = 0;
		};
		8D5B49B3048680CD000E48DA = {
			buildActionMask = 2147483647;
			files = (
				8D5B49B4048680CD000E48DA,
			);
			isa = PBXFrameworksBuildPhase;
			runOnlyForDeploymentPostprocessing = 0;
		};
		8D5B49B4048680CD000E48DA = {
			fileRef = 1058C7ADFEA557BF11CA2CBB;
			isa = PBXBuildFile;
			settings = {
			};
		};
		8D5B49B6048680CD000E48DA = {
			explicitFileType = wrapper.cfbundle;
			includeInIndex = 0;
			isa = PBXFileReference;
			path = GrowlSafari.bundle;
			refType = 3;
			sourceTree = BUILT_PRODUCTS_DIR;
		};
		8D5B49B7048680CD000E48DA = {
			fileEncoding = 4;
			isa = PBXFileReference;
			lastKnownFileType = text.xml;
			path = Info.plist;
			refType = 4;
			sourceTree = "<group>";
		};
//8D0
//8D1
//8D2
//8D3
//8D4
//950
//951
//952
//953
//954
		950F179C07E0D6D2001723BE = {
			isa = PBXFileReference;
			lastKnownFileType = wrapper.framework;
			name = Growl.framework;
			path = ../../build/Growl.framework;
			refType = 2;
			sourceTree = SOURCE_ROOT;
		};
		954E6B8008393A6800C76A74 = {
			fileEncoding = 4;
			isa = PBXFileReference;
			lastKnownFileType = sourcecode.c.h;
			path = GSWebBookmark.h;
			refType = 4;
			sourceTree = "<group>";
		};
		954E6B8108393A6800C76A74 = {
			fileEncoding = 4;
			isa = PBXFileReference;
			lastKnownFileType = sourcecode.c.objc;
			path = GSWebBookmark.m;
			refType = 4;
			sourceTree = "<group>";
		};
		954E6B8308393A6800C76A74 = {
			fileRef = 954E6B8108393A6800C76A74;
			isa = PBXBuildFile;
			settings = {
			};
		};
		954E6B8D08393AC000C76A74 = {
			fileEncoding = 4;
			isa = PBXFileReference;
			lastKnownFileType = sourcecode.c.h;
			path = Safari.h;
			refType = 4;
			sourceTree = "<group>";
		};
		9556E66107F4346B00D42745 = {
			fileEncoding = 4;
			isa = PBXFileReference;
			lastKnownFileType = text.xml;
			name = Japanese;
			path = Japanese.lproj/Localizable.strings;
			refType = 4;
			sourceTree = "<group>";
		};
		9564FB7707439C1E00F1CCE5 = {
			buildSettings = {
				COPY_PHASE_STRIP = YES;
				DEAD_CODE_STRIPPING = YES;
				DEPLOYMENT_POSTPROCESSING = YES;
				GCC_DEBUGGING_SYMBOLS = full;
				GCC_ENABLE_FIX_AND_CONTINUE = NO;
				GCC_FAST_OBJC_DISPATCH = YES;
				GCC_MODEL_CPU = G4;
				MACOSX_DEPLOYMENT_TARGET = 10.4;
				PREBINDING = NO;
				ZERO_LINK = NO;
			};
			isa = PBXBuildStyle;
			name = "Deployment - Tiger - G4";
		};
		95AC93AC073A044E007871AB = {
			explicitFileType = text.xml;
			fileEncoding = 4;
			isa = PBXFileReference;
			name = English;
			path = English.lproj/Localizable.strings;
			refType = 4;
			sourceTree = "<group>";
		};
		95AC93B1073A052B007871AB = {
			children = (
				95AC93AC073A044E007871AB,
				95AC93B3073A052F007871AB,
				9556E66107F4346B00D42745,
			);
			isa = PBXVariantGroup;
			name = Localizable.strings;
			refType = 4;
			sourceTree = "<group>";
		};
		95AC93B2073A052B007871AB = {
			fileRef = 95AC93B1073A052B007871AB;
			isa = PBXBuildFile;
			settings = {
			};
		};
		95AC93B3073A052F007871AB = {
			explicitFileType = text.xml;
			fileEncoding = 4;
			isa = PBXFileReference;
			name = German;
			path = German.lproj/Localizable.strings;
			refType = 4;
			sourceTree = "<group>";
		};
		95D639460823F6D500DB66DA = {
			buildActionMask = 2147483647;
			dstPath = "";
			dstSubfolderSpec = 10;
			files = (
				95D639480823F6E900DB66DA,
			);
			isa = PBXCopyFilesBuildPhase;
			runOnlyForDeploymentPostprocessing = 0;
		};
		95D639480823F6E900DB66DA = {
			fileRef = 950F179C07E0D6D2001723BE;
			isa = PBXBuildFile;
			settings = {
			};
		};
		95D74085084B96C4000D67BC = {
			fileEncoding = 4;
			isa = PBXFileReference;
			lastKnownFileType = sourcecode.c.h;
			path = GrowlSafariLoader.h;
			refType = 4;
			sourceTree = "<group>";
		};
		95D74086084B96C4000D67BC = {
			fileEncoding = 4;
			isa = PBXFileReference;
			lastKnownFileType = sourcecode.c.objc;
			path = GrowlSafariLoader.m;
			refType = 4;
			sourceTree = "<group>";
		};
		95D7409F084B984E000D67BC = {
			buildPhases = (
				95D740A0084B985F000D67BC,
			);
			buildSettings = {
				OPTIMIZATION_CFLAGS = "";
				OTHER_CFLAGS = "";
				OTHER_LDFLAGS = "";
				OTHER_REZFLAGS = "";
				PRODUCT_NAME = GrowlSafariAggregate;
				SECTORDER_FLAGS = "";
				WARNING_CFLAGS = "-Wmost -Wno-four-char-constants -Wno-unknown-pragmas";
			};
			dependencies = (
				95D74139084B9CD6000D67BC,
			);
			isa = PBXAggregateTarget;
			name = GrowlSafariAggregate;
			productName = GrowlSafariAggregate;
		};
		95D740A0084B985F000D67BC = {
			buildActionMask = 2147483647;
			dstPath = GrowlSafari;
			dstSubfolderSpec = 16;
			files = (
				95D74114084B9983000D67BC,
				95D740E9084B996C000D67BC,
			);
			isa = PBXCopyFilesBuildPhase;
			runOnlyForDeploymentPostprocessing = 0;
		};
		95D740A7084B9887000D67BC = {
			buildActionMask = 2147483647;
			files = (
				95D740AD084B9897000D67BC,
			);
			isa = PBXSourcesBuildPhase;
			runOnlyForDeploymentPostprocessing = 0;
		};
		95D740A8084B9887000D67BC = {
			buildActionMask = 2147483647;
			files = (
				95D7415D084B9F3F000D67BC,
			);
			isa = PBXFrameworksBuildPhase;
			runOnlyForDeploymentPostprocessing = 0;
		};
		95D740A9084B9887000D67BC = {
			buildPhases = (
				95D740A7084B9887000D67BC,
				95D740BA084B98CD000D67BC,
				95D740A8084B9887000D67BC,
			);
			buildRules = (
			);
			buildSettings = {
				GCC_C_LANGUAGE_STANDARD = gnu99;
				GCC_GENERATE_DEBUGGING_SYMBOLS = NO;
				GCC_MODEL_TUNING = G4;
				GCC_PRECOMPILE_PREFIX_HEADER = YES;
				GCC_PREFIX_HEADER = "$(SYSTEM_LIBRARY_DIR)/Frameworks/AppKit.framework/Headers/AppKit.h";
				GCC_WARN_ABOUT_MISSING_NEWLINE = YES;
				GCC_WARN_ABOUT_MISSING_PROTOTYPES = YES;
				GCC_WARN_ABOUT_RETURN_TYPE = YES;
				GCC_WARN_CHECK_SWITCH_STATEMENTS = YES;
				GCC_WARN_INITIALIZER_NOT_FULLY_BRACKETED = YES;
				GCC_WARN_MISSING_PARENTHESES = YES;
				GCC_WARN_SHADOW = YES;
				GCC_WARN_SIGN_COMPARE = YES;
				GCC_WARN_TYPECHECK_CALLS_TO_PRINTF = YES;
				GCC_WARN_UNINITIALIZED_AUTOS = YES;
				GCC_WARN_UNKNOWN_PRAGMAS = YES;
				GCC_WARN_UNUSED_FUNCTION = YES;
				GCC_WARN_UNUSED_LABEL = YES;
				GCC_WARN_UNUSED_PARAMETER = YES;
				GCC_WARN_UNUSED_VALUE = YES;
				GCC_WARN_UNUSED_VARIABLE = YES;
				INFOPLIST_FILE = "GrowlSafariLoader-Info.plist";
				INSTALL_PATH = "$(USER_LIBRARY_DIR)/Bundles";
				LIBRARY_STYLE = BUNDLE;
				OPTIMIZATION_CFLAGS = "";
				OTHER_CFLAGS = "";
				OTHER_LDFLAGS = "-framework Foundation -framework AppKit";
				OTHER_REZFLAGS = "";
				PREBINDING = NO;
				PRODUCT_NAME = GrowlSafariLoader;
				SECTORDER_FLAGS = "";
				WARNING_CFLAGS = "-W -Wall";
			};
			dependencies = (
				95D740AF084B98A4000D67BC,
			);
			isa = PBXNativeTarget;
			name = GrowlSafariLoader;
			productName = GrowlSafariLoader;
			productReference = 95D740AA084B9887000D67BC;
			productSettingsXML = "<?xml version=\"1.0\" encoding=\"UTF-8\"?>
<!DOCTYPE plist PUBLIC \"-//Apple Computer//DTD PLIST 1.0//EN\" \"http://www.apple.com/DTDs/PropertyList-1.0.dtd\">
<plist version=\"1.0\">
<dict>
	<key>CFBundleDevelopmentRegion</key>
	<string>English</string>
	<key>CFBundleExecutable</key>
	<string>GrowlSafariLoader</string>
	<key>CFBundleIdentifier</key>
	<string>com.yourcompany.GrowlSafariLoader</string>
	<key>CFBundleInfoDictionaryVersion</key>
	<string>6.0</string>
	<key>CFBundlePackageType</key>
	<string>APPL</string>
	<key>CFBundleSignature</key>
	<string>????</string>
	<key>CFBundleVersion</key>
	<string>1.0</string>
</dict>
</plist>
";
			productType = "com.apple.product-type.bundle";
		};
		95D740AA084B9887000D67BC = {
			explicitFileType = wrapper.cfbundle;
			includeInIndex = 0;
			isa = PBXFileReference;
			name = GrowlSafariLoader.bundle;
			path = build/GrowlSafariLoader.bundle;
			refType = 4;
			sourceTree = "<group>";
		};
		95D740AB084B9887000D67BC = {
			isa = PBXFileReference;
			lastKnownFileType = text.xml;
			path = "GrowlSafariLoader-Info.plist";
			refType = 4;
			sourceTree = "<group>";
		};
		95D740AD084B9897000D67BC = {
			fileRef = 95D74086084B96C4000D67BC;
			isa = PBXBuildFile;
			settings = {
			};
		};
		95D740AE084B98A4000D67BC = {
			containerPortal = 089C1669FE841209C02AAC07;
			isa = PBXContainerItemProxy;
			proxyType = 1;
			remoteGlobalIDString = 8D5B49AC048680CD000E48DA;
			remoteInfo = GrowlSafari;
		};
		95D740AF084B98A4000D67BC = {
			isa = PBXTargetDependency;
			target = 8D5B49AC048680CD000E48DA;
			targetProxy = 95D740AE084B98A4000D67BC;
		};
		95D740BA084B98CD000D67BC = {
			buildActionMask = 2147483647;
			dstPath = "";
			dstSubfolderSpec = 13;
			files = (
				95D740C1084B98E1000D67BC,
			);
			isa = PBXCopyFilesBuildPhase;
			runOnlyForDeploymentPostprocessing = 0;
		};
		95D740C1084B98E1000D67BC = {
			fileRef = 8D5B49B6048680CD000E48DA;
			isa = PBXBuildFile;
			settings = {
			};
		};
		95D740E9084B996C000D67BC = {
			fileRef = 95D740AA084B9887000D67BC;
			isa = PBXBuildFile;
			settings = {
			};
		};
		95D7410F084B997C000D67BC = {
			fileEncoding = 30;
			isa = PBXFileReference;
			lastKnownFileType = text.xml;
			path = Info;
			refType = 4;
			sourceTree = "<group>";
		};
		95D74114084B9983000D67BC = {
			fileRef = 95D7410F084B997C000D67BC;
			isa = PBXBuildFile;
			settings = {
			};
		};
		95D74138084B9CD6000D67BC = {
			containerPortal = 089C1669FE841209C02AAC07;
			isa = PBXContainerItemProxy;
			proxyType = 1;
			remoteGlobalIDString = 95D740A9084B9887000D67BC;
			remoteInfo = GrowlSafariLoader;
		};
		95D74139084B9CD6000D67BC = {
			isa = PBXTargetDependency;
			target = 95D740A9084B9887000D67BC;
			targetProxy = 95D74138084B9CD6000D67BC;
		};
		95D7415D084B9F3F000D67BC = {
			fileRef = 089C1672FE841209C02AAC07;
			isa = PBXBuildFile;
			settings = {
			};
		};
	};
	rootObject = 089C1669FE841209C02AAC07;
}
